
Microsoft Visual Studio Solution File, Format Version 11.00
# Visual Studio 2010
Project("{FAE04EC0-301F-11D3-BF4B-00C04F79EFBC}") = "agsxmpp", "agsxmpp.csproj", "{C6379274-C5DE-41A2-AE3E-753F85A557BA}"
EndProject
Project("{FAE04EC0-301F-11D3-BF4B-00C04F79EFBC}") = "StarkSoftProxy", "starksoftproxy\StarkSoftProxy.csproj", "{3F8CF2C1-EA37-444F-8693-A3A00B1131D2}"
EndProject
Global
	GlobalSection(SolutionConfigurationPlatforms) = preSolution
		Debug|Any CPU = Debug|Any CPU
		Release|Any CPU = Release|Any CPU
	EndGlobalSection
	GlobalSection(ProjectConfigurationPlatforms) = postSolution
		{3F8CF2C1-EA37-444F-8693-A3A00B1131D2}.Debug|Any CPU.ActiveCfg = Debug|Any CPU
		{3F8CF2C1-EA37-444F-8693-A3A00B1131D2}.Debug|Any CPU.Build.0 = Debug|Any CPU
		{3F8CF2C1-EA37-444F-8693-A3A00B1131D2}.Release|Any CPU.ActiveCfg = Release|Any CPU
		{3F8CF2C1-EA37-444F-8693-A3A00B1131D2}.Release|Any CPU.Build.0 = Release|Any CPU
		{C6379274-C5DE-41A2-AE3E-753F85A557BA}.Debug|Any CPU.ActiveCfg = Debug|Any CPU
		{C6379274-C5DE-41A2-AE3E-753F85A557BA}.Debug|Any CPU.Build.0 = Debug|Any CPU
		{C6379274-C5DE-41A2-AE3E-753F85A557BA}.Release|Any CPU.ActiveCfg = Release|Any CPU
		{C6379274-C5DE-41A2-AE3E-753F85A557BA}.Release|Any CPU.Build.0 = Release|Any CPU
	EndGlobalSection
	GlobalSection(MonoDevelopProperties) = preSolution
		StartupItem = agsxmpp.csproj
	EndGlobalSection
EndGlobal
