
Microsoft Visual Studio Solution File, Format Version 9.00
# Visual Studio 2005
Project("{FAE04EC0-301F-11D3-BF4B-00C04F79EFBC}") = "agsXMPP2005", "agsXMPP2005.csproj", "{DC39021C-FA24-4E34-AB4A-3260BB5314AF}"
EndProject
Project("{FAE04EC0-301F-11D3-BF4B-00C04F79EFBC}") = "MiniClient", "..\samples\VS2005\MiniClient\MiniClient.csproj", "{692CC1BB-F48B-4790-866F-CBFA81975156}"
EndProject
Global
	GlobalSection(SolutionConfigurationPlatforms) = preSolution
		Debug|Any CPU = Debug|Any CPU
		Release|Any CPU = Release|Any CPU
	EndGlobalSection
	GlobalSection(ProjectConfigurationPlatforms) = postSolution
		{DC39021C-FA24-4E34-AB4A-3260BB5314AF}.Debug|Any CPU.ActiveCfg = Debug|Any CPU
		{DC39021C-FA24-4E34-AB4A-3260BB5314AF}.Debug|Any CPU.Build.0 = Debug|Any CPU
		{DC39021C-FA24-4E34-AB4A-3260BB5314AF}.Release|Any CPU.ActiveCfg = Release|Any CPU
		{DC39021C-FA24-4E34-AB4A-3260BB5314AF}.Release|Any CPU.Build.0 = Release|Any CPU
		{692CC1BB-F48B-4790-866F-CBFA81975156}.Debug|Any CPU.ActiveCfg = Debug|Any CPU
		{692CC1BB-F48B-4790-866F-CBFA81975156}.Debug|Any CPU.Build.0 = Debug|Any CPU
		{692CC1BB-F48B-4790-866F-CBFA81975156}.Release|Any CPU.ActiveCfg = Release|Any CPU
		{692CC1BB-F48B-4790-866F-CBFA81975156}.Release|Any CPU.Build.0 = Release|Any CPU
	EndGlobalSection
	GlobalSection(SolutionProperties) = preSolution
		HideSolutionNode = FALSE
	EndGlobalSection
EndGlobal
